
Microsoft Visual Studio Solution File, Format Version 12.00
# Visual Studio Version 16
VisualStudioVersion = 16.0.32228.343
MinimumVisualStudioVersion = 10.0.40219.1
Project("{9A19103F-16F7-4668-BE54-9A1E7A4F7556}") = "View", "LabWork3\View.csproj", "{6AA01D40-BDE5-4BE3-AC55-280F4F112F36}"
EndProject
Project("{FAE04EC0-301F-11D3-BF4B-00C04F79EFBC}") = "Model", "Model\Model.csproj", "{197F21A9-AB32-43C4-B653-1FC6AA3A5CC0}"
EndProject
Global
	GlobalSection(SolutionConfigurationPlatforms) = preSolution
		Debug|Any CPU = Debug|Any CPU
		Release|Any CPU = Release|Any CPU
	EndGlobalSection
	GlobalSection(ProjectConfigurationPlatforms) = postSolution
		{6AA01D40-BDE5-4BE3-AC55-280F4F112F36}.Debug|Any CPU.ActiveCfg = Debug|Any CPU
		{6AA01D40-BDE5-4BE3-AC55-280F4F112F36}.Debug|Any CPU.Build.0 = Debug|Any CPU
		{6AA01D40-BDE5-4BE3-AC55-280F4F112F36}.Release|Any CPU.ActiveCfg = Release|Any CPU
		{6AA01D40-BDE5-4BE3-AC55-280F4F112F36}.Release|Any CPU.Build.0 = Release|Any CPU
		{197F21A9-AB32-43C4-B653-1FC6AA3A5CC0}.Debug|Any CPU.ActiveCfg = Debug|Any CPU
		{197F21A9-AB32-43C4-B653-1FC6AA3A5CC0}.Debug|Any CPU.Build.0 = Debug|Any CPU
		{197F21A9-AB32-43C4-B653-1FC6AA3A5CC0}.Release|Any CPU.ActiveCfg = Release|Any CPU
		{197F21A9-AB32-43C4-B653-1FC6AA3A5CC0}.Release|Any CPU.Build.0 = Release|Any CPU
	EndGlobalSection
	GlobalSection(SolutionProperties) = preSolution
		HideSolutionNode = FALSE
	EndGlobalSection
	GlobalSection(ExtensibilityGlobals) = postSolution
		SolutionGuid = {544F88E3-F4C0-4F25-8648-F558E5CBFDE4}
	EndGlobalSection
EndGlobal
