
Microsoft Visual Studio Solution File, Format Version 12.00
# Visual Studio Version 16
VisualStudioVersion = 16.0.31624.102
MinimumVisualStudioVersion = 10.0.40219.1
Project("{FAE04EC0-301F-11D3-BF4B-00C04F79EFBC}") = "View", "LabWork1\View.csproj", "{7784395D-BA35-4680-A28F-9F86A2FCAA4C}"
EndProject
Project("{FAE04EC0-301F-11D3-BF4B-00C04F79EFBC}") = "Model", "Model\Model.csproj", "{08E765A5-C8BF-4332-AE51-FE2BF1DB7243}"
EndProject
Global
	GlobalSection(SolutionConfigurationPlatforms) = preSolution
		Debug|Any CPU = Debug|Any CPU
		Release|Any CPU = Release|Any CPU
	EndGlobalSection
	GlobalSection(ProjectConfigurationPlatforms) = postSolution
		{7784395D-BA35-4680-A28F-9F86A2FCAA4C}.Debug|Any CPU.ActiveCfg = Debug|Any CPU
		{7784395D-BA35-4680-A28F-9F86A2FCAA4C}.Debug|Any CPU.Build.0 = Debug|Any CPU
		{7784395D-BA35-4680-A28F-9F86A2FCAA4C}.Release|Any CPU.ActiveCfg = Release|Any CPU
		{7784395D-BA35-4680-A28F-9F86A2FCAA4C}.Release|Any CPU.Build.0 = Release|Any CPU
		{08E765A5-C8BF-4332-AE51-FE2BF1DB7243}.Debug|Any CPU.ActiveCfg = Debug|Any CPU
		{08E765A5-C8BF-4332-AE51-FE2BF1DB7243}.Debug|Any CPU.Build.0 = Debug|Any CPU
		{08E765A5-C8BF-4332-AE51-FE2BF1DB7243}.Release|Any CPU.ActiveCfg = Release|Any CPU
		{08E765A5-C8BF-4332-AE51-FE2BF1DB7243}.Release|Any CPU.Build.0 = Release|Any CPU
	EndGlobalSection
	GlobalSection(SolutionProperties) = preSolution
		HideSolutionNode = FALSE
	EndGlobalSection
	GlobalSection(ExtensibilityGlobals) = postSolution
		SolutionGuid = {08BD4320-AE66-4619-A8B4-E6D8B2B87F6A}
	EndGlobalSection
EndGlobal
